// !$*UTF8*$!
{
	archiveVersion = 1;
	classes = {
	};
	objectVersion = 50;
	objects = {

/* Begin PBXBuildFile section */
		6D0143682506B4F5004C6B36 /* FilterViewController.swift in Sources */ = {isa = PBXBuildFile; fileRef = 6D0143672506B4F5004C6B36 /* FilterViewController.swift */; };
		6D10B35024F56EAF00E6FCCA /* StartViewController.swift in Sources */ = {isa = PBXBuildFile; fileRef = 6D10B34F24F56EAF00E6FCCA /* StartViewController.swift */; };
		6D4A8B1B24EC11F5009361DF /* ThemeElements.swift in Sources */ = {isa = PBXBuildFile; fileRef = 6D4A8B1A24EC11F5009361DF /* ThemeElements.swift */; };
		6D6AC57424E9950000A3C37C /* ChooseLocationViewController.swift in Sources */ = {isa = PBXBuildFile; fileRef = 6D6AC57324E994FF00A3C37C /* ChooseLocationViewController.swift */; };
		6D7BF6AF2508E8A200CF2FC4 /* SignUpViewController.swift in Sources */ = {isa = PBXBuildFile; fileRef = 6D7BF6AE2508E8A200CF2FC4 /* SignUpViewController.swift */; };
		6D7BF6B12508F2EF00CF2FC4 /* UserType.swift in Sources */ = {isa = PBXBuildFile; fileRef = 6D7BF6B02508F2EF00CF2FC4 /* UserType.swift */; };
		6D7DF0E1250A487300B18838 /* CommentItem.swift in Sources */ = {isa = PBXBuildFile; fileRef = 6D7DF0E0250A487300B18838 /* CommentItem.swift */; };
		6D7DF0E9250A8E8A00B18838 /* CommentTableViewCell.swift in Sources */ = {isa = PBXBuildFile; fileRef = 6D7DF0E8250A8E8A00B18838 /* CommentTableViewCell.swift */; };
		6D7DF0EB250A8EB100B18838 /* PlaceDetailViewController.swift in Sources */ = {isa = PBXBuildFile; fileRef = 6D7DF0EA250A8EB100B18838 /* PlaceDetailViewController.swift */; };
		6D83B79F24EACBD900E2F551 /* Colours.swift in Sources */ = {isa = PBXBuildFile; fileRef = 6D83B79E24EACBD900E2F551 /* Colours.swift */; };
		6D889E5924D82B6000EB3616 /* UserItem.swift in Sources */ = {isa = PBXBuildFile; fileRef = 6D889E5824D82B6000EB3616 /* UserItem.swift */; };
		6D93141324DD7B2D00B12575 /* ProfileViewController.swift in Sources */ = {isa = PBXBuildFile; fileRef = 6D93141224DD7B2D00B12575 /* ProfileViewController.swift */; };
		6D93141524DDAEB100B12575 /* MapViewController.swift in Sources */ = {isa = PBXBuildFile; fileRef = 6D93141424DDAEB100B12575 /* MapViewController.swift */; };
		6DABA328250F930700B775BC /* SimulatedLocations.gpx in Resources */ = {isa = PBXBuildFile; fileRef = 6DABA327250F930700B775BC /* SimulatedLocations.gpx */; };
		6DB5DC0F251389BA00CDBAD1 /* SessionManager.swift in Sources */ = {isa = PBXBuildFile; fileRef = 6DB5DC0E251389BA00CDBAD1 /* SessionManager.swift */; };
		6DB5DC1125138EE100CDBAD1 /* CoreDataManager.swift in Sources */ = {isa = PBXBuildFile; fileRef = 6DB5DC1025138EE100CDBAD1 /* CoreDataManager.swift */; };
		6DC38C612514DF7E00B2C141 /* PlaceTableViewCell.swift in Sources */ = {isa = PBXBuildFile; fileRef = 6DC38C5F2514DF7E00B2C141 /* PlaceTableViewCell.swift */; };
		6DC38C622514DF7E00B2C141 /* PlaceTableViewController.swift in Sources */ = {isa = PBXBuildFile; fileRef = 6DC38C602514DF7E00B2C141 /* PlaceTableViewController.swift */; };
		6DCBFFE524D72532002B43D7 /* CloudKitManager.swift in Sources */ = {isa = PBXBuildFile; fileRef = 6DCBFFE424D72532002B43D7 /* CloudKitManager.swift */; };
		6DCBFFE924D768EF002B43D7 /* PlaceItem.swift in Sources */ = {isa = PBXBuildFile; fileRef = 6DCBFFE824D768EF002B43D7 /* PlaceItem.swift */; };
		6DE69C8924E19D360090B8F8 /* NewMessageViewController.swift in Sources */ = {isa = PBXBuildFile; fileRef = 6DE69C8824E19D360090B8F8 /* NewMessageViewController.swift */; };
		8480721224D040E200009E7E /* UserSessionSingleton.swift in Sources */ = {isa = PBXBuildFile; fileRef = 8480721124D040E200009E7E /* UserSessionSingleton.swift */; };
		84B5D8B524C8C0B600C2EA1B /* AppDelegate.swift in Sources */ = {isa = PBXBuildFile; fileRef = 84B5D8B424C8C0B600C2EA1B /* AppDelegate.swift */; };
		84B5D8B724C8C0B600C2EA1B /* SceneDelegate.swift in Sources */ = {isa = PBXBuildFile; fileRef = 84B5D8B624C8C0B600C2EA1B /* SceneDelegate.swift */; };
		84B5D8BC24C8C0B600C2EA1B /* Main.storyboard in Resources */ = {isa = PBXBuildFile; fileRef = 84B5D8BA24C8C0B600C2EA1B /* Main.storyboard */; };
		84B5D8BF24C8C0B600C2EA1B /* tellMeMap.xcdatamodeld in Sources */ = {isa = PBXBuildFile; fileRef = 84B5D8BD24C8C0B600C2EA1B /* tellMeMap.xcdatamodeld */; };
		84B5D8C124C8C0B700C2EA1B /* Assets.xcassets in Resources */ = {isa = PBXBuildFile; fileRef = 84B5D8C024C8C0B700C2EA1B /* Assets.xcassets */; };
		84B5D8C424C8C0B700C2EA1B /* LaunchScreen.storyboard in Resources */ = {isa = PBXBuildFile; fileRef = 84B5D8C224C8C0B700C2EA1B /* LaunchScreen.storyboard */; };
		84B5D8CE24C8C11F00C2EA1B /* CloudKit.framework in Frameworks */ = {isa = PBXBuildFile; fileRef = 84B5D8CD24C8C11F00C2EA1B /* CloudKit.framework */; };
		84B5D8D124C8C27A00C2EA1B /* ArtworkPin.swift in Sources */ = {isa = PBXBuildFile; fileRef = 84B5D8CF24C8C27A00C2EA1B /* ArtworkPin.swift */; };
		84B5D8D224C8C27A00C2EA1B /* Category.swift in Sources */ = {isa = PBXBuildFile; fileRef = 84B5D8D024C8C27A00C2EA1B /* Category.swift */; };
/* End PBXBuildFile section */

/* Begin PBXFileReference section */
		6D0143672506B4F5004C6B36 /* FilterViewController.swift */ = {isa = PBXFileReference; lastKnownFileType = sourcecode.swift; name = FilterViewController.swift; path = "tellMeMap/Controllers/Map View/FilterViewController.swift"; sourceTree = SOURCE_ROOT; };
		6D10B34F24F56EAF00E6FCCA /* StartViewController.swift */ = {isa = PBXFileReference; fileEncoding = 4; lastKnownFileType = sourcecode.swift; name = StartViewController.swift; path = TellMeMap/Controllers/StartViewController.swift; sourceTree = SOURCE_ROOT; };
		6D4A8B1A24EC11F5009361DF /* ThemeElements.swift */ = {isa = PBXFileReference; lastKnownFileType = sourcecode.swift; name = ThemeElements.swift; path = TellMeMap/Utils/ThemeElements.swift; sourceTree = SOURCE_ROOT; };
		6D6AC57324E994FF00A3C37C /* ChooseLocationViewController.swift */ = {isa = PBXFileReference; fileEncoding = 4; lastKnownFileType = sourcecode.swift; name = ChooseLocationViewController.swift; path = "tellMeMap/Controllers/New Message View/ChooseLocationViewController.swift"; sourceTree = SOURCE_ROOT; };
		6D7BF6AE2508E8A200CF2FC4 /* SignUpViewController.swift */ = {isa = PBXFileReference; fileEncoding = 4; lastKnownFileType = sourcecode.swift; name = SignUpViewController.swift; path = TellMeMap/Controllers/SignUpViewController.swift; sourceTree = SOURCE_ROOT; };
		6D7BF6B02508F2EF00CF2FC4 /* UserType.swift */ = {isa = PBXFileReference; lastKnownFileType = sourcecode.swift; name = UserType.swift; path = tellMeMap/Model/Enums/UserType.swift; sourceTree = SOURCE_ROOT; };
		6D7DF0E0250A487300B18838 /* CommentItem.swift */ = {isa = PBXFileReference; lastKnownFileType = sourcecode.swift; name = CommentItem.swift; path = TellMeMap/Model/CommentItem.swift; sourceTree = SOURCE_ROOT; };
		6D7DF0E8250A8E8A00B18838 /* CommentTableViewCell.swift */ = {isa = PBXFileReference; fileEncoding = 4; lastKnownFileType = sourcecode.swift; name = CommentTableViewCell.swift; path = "TellMeMap/Controllers/Detail View/CommentTableViewCell.swift"; sourceTree = SOURCE_ROOT; };
		6D7DF0EA250A8EB100B18838 /* PlaceDetailViewController.swift */ = {isa = PBXFileReference; fileEncoding = 4; lastKnownFileType = sourcecode.swift; name = PlaceDetailViewController.swift; path = "TellMeMap/Controllers/Detail View/PlaceDetailViewController.swift"; sourceTree = SOURCE_ROOT; };
		6D83B79E24EACBD900E2F551 /* Colours.swift */ = {isa = PBXFileReference; lastKnownFileType = sourcecode.swift; name = Colours.swift; path = TellMeMap/Utils/Colours.swift; sourceTree = SOURCE_ROOT; };
		6D889E5824D82B6000EB3616 /* UserItem.swift */ = {isa = PBXFileReference; lastKnownFileType = sourcecode.swift; name = UserItem.swift; path = TellMeMap/Model/UserItem.swift; sourceTree = SOURCE_ROOT; };
		6D93141224DD7B2D00B12575 /* ProfileViewController.swift */ = {isa = PBXFileReference; fileEncoding = 4; lastKnownFileType = sourcecode.swift; name = ProfileViewController.swift; path = TellMeMap/Controllers/ProfileViewController.swift; sourceTree = SOURCE_ROOT; };
		6D93141424DDAEB100B12575 /* MapViewController.swift */ = {isa = PBXFileReference; lastKnownFileType = sourcecode.swift; name = MapViewController.swift; path = "tellMeMap/Controllers/Map View/MapViewController.swift"; sourceTree = SOURCE_ROOT; };
		6DABA327250F930700B775BC /* SimulatedLocations.gpx */ = {isa = PBXFileReference; lastKnownFileType = text.xml; name = SimulatedLocations.gpx; path = TellMeMap/SimulatedLocations.gpx; sourceTree = SOURCE_ROOT; };
		6DB5DC0E251389BA00CDBAD1 /* SessionManager.swift */ = {isa = PBXFileReference; lastKnownFileType = sourcecode.swift; name = SessionManager.swift; path = tellMeMap/Model/Managers/SessionManager.swift; sourceTree = SOURCE_ROOT; };
		6DB5DC1025138EE100CDBAD1 /* CoreDataManager.swift */ = {isa = PBXFileReference; lastKnownFileType = sourcecode.swift; name = CoreDataManager.swift; path = tellMeMap/Model/Managers/CoreDataManager.swift; sourceTree = SOURCE_ROOT; };
		6DC38C5F2514DF7E00B2C141 /* PlaceTableViewCell.swift */ = {isa = PBXFileReference; fileEncoding = 4; lastKnownFileType = sourcecode.swift; name = PlaceTableViewCell.swift; path = "TellMeMap/Controllers/List Items View/PlaceTableViewCell.swift"; sourceTree = SOURCE_ROOT; };
		6DC38C602514DF7E00B2C141 /* PlaceTableViewController.swift */ = {isa = PBXFileReference; fileEncoding = 4; lastKnownFileType = sourcecode.swift; name = PlaceTableViewController.swift; path = "TellMeMap/Controllers/List Items View/PlaceTableViewController.swift"; sourceTree = SOURCE_ROOT; };
		6DCBFFE424D72532002B43D7 /* CloudKitManager.swift */ = {isa = PBXFileReference; lastKnownFileType = sourcecode.swift; name = CloudKitManager.swift; path = tellMeMap/Model/Managers/CloudKitManager.swift; sourceTree = SOURCE_ROOT; };
		6DCBFFE824D768EF002B43D7 /* PlaceItem.swift */ = {isa = PBXFileReference; lastKnownFileType = sourcecode.swift; name = PlaceItem.swift; path = TellMeMap/Model/PlaceItem.swift; sourceTree = SOURCE_ROOT; };
		6DE69C8824E19D360090B8F8 /* NewMessageViewController.swift */ = {isa = PBXFileReference; fileEncoding = 4; lastKnownFileType = sourcecode.swift; name = NewMessageViewController.swift; path = "tellMeMap/Controllers/New Message View/NewMessageViewController.swift"; sourceTree = SOURCE_ROOT; };
		8480721124D040E200009E7E /* UserSessionSingleton.swift */ = {isa = PBXFileReference; lastKnownFileType = sourcecode.swift; path = UserSessionSingleton.swift; sourceTree = "<group>"; };
		84B5D8B124C8C0B600C2EA1B /* tellMeMap.app */ = {isa = PBXFileReference; explicitFileType = wrapper.application; includeInIndex = 0; path = tellMeMap.app; sourceTree = BUILT_PRODUCTS_DIR; };
		84B5D8B424C8C0B600C2EA1B /* AppDelegate.swift */ = {isa = PBXFileReference; lastKnownFileType = sourcecode.swift; path = AppDelegate.swift; sourceTree = "<group>"; };
		84B5D8B624C8C0B600C2EA1B /* SceneDelegate.swift */ = {isa = PBXFileReference; lastKnownFileType = sourcecode.swift; path = SceneDelegate.swift; sourceTree = "<group>"; };
		84B5D8BB24C8C0B600C2EA1B /* Base */ = {isa = PBXFileReference; lastKnownFileType = file.storyboard; name = Base; path = Base.lproj/Main.storyboard; sourceTree = "<group>"; };
		84B5D8BE24C8C0B600C2EA1B /* tellMeMap.xcdatamodel */ = {isa = PBXFileReference; lastKnownFileType = wrapper.xcdatamodel; path = tellMeMap.xcdatamodel; sourceTree = "<group>"; };
		84B5D8C024C8C0B700C2EA1B /* Assets.xcassets */ = {isa = PBXFileReference; lastKnownFileType = folder.assetcatalog; path = Assets.xcassets; sourceTree = "<group>"; };
		84B5D8C324C8C0B700C2EA1B /* Base */ = {isa = PBXFileReference; lastKnownFileType = file.storyboard; name = Base; path = Base.lproj/LaunchScreen.storyboard; sourceTree = "<group>"; };
		84B5D8C524C8C0B700C2EA1B /* Info.plist */ = {isa = PBXFileReference; lastKnownFileType = text.plist.xml; path = Info.plist; sourceTree = "<group>"; };
		84B5D8CB24C8C11300C2EA1B /* tellMeMap.entitlements */ = {isa = PBXFileReference; lastKnownFileType = text.plist.entitlements; path = tellMeMap.entitlements; sourceTree = "<group>"; };
		84B5D8CD24C8C11F00C2EA1B /* CloudKit.framework */ = {isa = PBXFileReference; lastKnownFileType = wrapper.framework; name = CloudKit.framework; path = System/Library/Frameworks/CloudKit.framework; sourceTree = SDKROOT; };
		84B5D8CF24C8C27A00C2EA1B /* ArtworkPin.swift */ = {isa = PBXFileReference; fileEncoding = 4; lastKnownFileType = sourcecode.swift; path = ArtworkPin.swift; sourceTree = "<group>"; };
		84B5D8D024C8C27A00C2EA1B /* Category.swift */ = {isa = PBXFileReference; fileEncoding = 4; lastKnownFileType = sourcecode.swift; path = Category.swift; sourceTree = "<group>"; };
/* End PBXFileReference section */

/* Begin PBXFrameworksBuildPhase section */
		84B5D8AE24C8C0B600C2EA1B /* Frameworks */ = {
			isa = PBXFrameworksBuildPhase;
			buildActionMask = 2147483647;
			files = (
				84B5D8CE24C8C11F00C2EA1B /* CloudKit.framework in Frameworks */,
			);
			runOnlyForDeploymentPostprocessing = 0;
		};
/* End PBXFrameworksBuildPhase section */

/* Begin PBXGroup section */
		6D7DF0E4250A774300B18838 /* Detail View */ = {
			isa = PBXGroup;
			children = (
				6D7DF0EA250A8EB100B18838 /* PlaceDetailViewController.swift */,
				6D7DF0E8250A8E8A00B18838 /* CommentTableViewCell.swift */,
			);
			path = "Detail View";
			sourceTree = "<group>";
		};
		6D7DF0E5250A775500B18838 /* List Items View */ = {
			isa = PBXGroup;
			children = (
				6DC38C5F2514DF7E00B2C141 /* PlaceTableViewCell.swift */,
				6DC38C602514DF7E00B2C141 /* PlaceTableViewController.swift */,
			);
			path = "List Items View";
			sourceTree = "<group>";
		};
		6DC38C5B2514DECD00B2C141 /* Enums */ = {
			isa = PBXGroup;
			children = (
				84B5D8D024C8C27A00C2EA1B /* Category.swift */,
				6D7BF6B02508F2EF00CF2FC4 /* UserType.swift */,
			);
			path = Enums;
			sourceTree = "<group>";
		};
		6DC38C5C2514DEE600B2C141 /* Managers */ = {
			isa = PBXGroup;
			children = (
				6DB5DC0E251389BA00CDBAD1 /* SessionManager.swift */,
				6DB5DC1025138EE100CDBAD1 /* CoreDataManager.swift */,
				6DCBFFE424D72532002B43D7 /* CloudKitManager.swift */,
			);
			path = Managers;
			sourceTree = "<group>";
		};
		6DC38C642514DF9E00B2C141 /* New Message View */ = {
			isa = PBXGroup;
			children = (
				6DE69C8824E19D360090B8F8 /* NewMessageViewController.swift */,
				6D6AC57324E994FF00A3C37C /* ChooseLocationViewController.swift */,
			);
			path = "New Message View";
			sourceTree = "<group>";
		};
		6DC38C652514DFBA00B2C141 /* Map View */ = {
			isa = PBXGroup;
			children = (
				6D93141424DDAEB100B12575 /* MapViewController.swift */,
				6D0143672506B4F5004C6B36 /* FilterViewController.swift */,
			);
			path = "Map View";
			sourceTree = "<group>";
		};
		6DCBFFE324D724F7002B43D7 /* Model */ = {
			isa = PBXGroup;
			children = (
				6DC38C5C2514DEE600B2C141 /* Managers */,
				6DC38C5B2514DECD00B2C141 /* Enums */,
				8480721124D040E200009E7E /* UserSessionSingleton.swift */,
				6DCBFFE824D768EF002B43D7 /* PlaceItem.swift */,
				6D889E5824D82B6000EB3616 /* UserItem.swift */,
				6D7DF0E0250A487300B18838 /* CommentItem.swift */,
			);
			path = Model;
			sourceTree = "<group>";
		};
		84B5D8A824C8C0B600C2EA1B = {
			isa = PBXGroup;
			children = (
				84B5D8B324C8C0B600C2EA1B /* tellMeMap */,
				84B5D8B224C8C0B600C2EA1B /* Products */,
				84B5D8CC24C8C11F00C2EA1B /* Frameworks */,
			);
			sourceTree = "<group>";
		};
		84B5D8B224C8C0B600C2EA1B /* Products */ = {
			isa = PBXGroup;
			children = (
				84B5D8B124C8C0B600C2EA1B /* tellMeMap.app */,
			);
			name = Products;
			sourceTree = "<group>";
		};
		84B5D8B324C8C0B600C2EA1B /* tellMeMap */ = {
			isa = PBXGroup;
			children = (
				6DABA327250F930700B775BC /* SimulatedLocations.gpx */,
				84B5D8CB24C8C11300C2EA1B /* tellMeMap.entitlements */,
				84B5D8B424C8C0B600C2EA1B /* AppDelegate.swift */,
				84B5D8B624C8C0B600C2EA1B /* SceneDelegate.swift */,
				84B5D8BA24C8C0B600C2EA1B /* Main.storyboard */,
				84B5D8C224C8C0B700C2EA1B /* LaunchScreen.storyboard */,
				6DCBFFE324D724F7002B43D7 /* Model */,
				84B5D8DA24C8C32B00C2EA1B /* Controllers */,
				84B5D8D924C8C31600C2EA1B /* Utils */,
				84B5D8C024C8C0B700C2EA1B /* Assets.xcassets */,
				84B5D8C524C8C0B700C2EA1B /* Info.plist */,
				84B5D8BD24C8C0B600C2EA1B /* tellMeMap.xcdatamodeld */,
			);
			path = tellMeMap;
			sourceTree = "<group>";
		};
		84B5D8CC24C8C11F00C2EA1B /* Frameworks */ = {
			isa = PBXGroup;
			children = (
				84B5D8CD24C8C11F00C2EA1B /* CloudKit.framework */,
			);
			name = Frameworks;
			sourceTree = "<group>";
		};
		84B5D8D924C8C31600C2EA1B /* Utils */ = {
			isa = PBXGroup;
			children = (
				84B5D8CF24C8C27A00C2EA1B /* ArtworkPin.swift */,
				6D83B79E24EACBD900E2F551 /* Colours.swift */,
				6D4A8B1A24EC11F5009361DF /* ThemeElements.swift */,
			);
			path = Utils;
			sourceTree = "<group>";
		};
		84B5D8DA24C8C32B00C2EA1B /* Controllers */ = {
			isa = PBXGroup;
			children = (
				6D10B34F24F56EAF00E6FCCA /* StartViewController.swift */,
				6D7BF6AE2508E8A200CF2FC4 /* SignUpViewController.swift */,
				6D93141224DD7B2D00B12575 /* ProfileViewController.swift */,
				6D7DF0E5250A775500B18838 /* List Items View */,
				6D7DF0E4250A774300B18838 /* Detail View */,
				6DC38C642514DF9E00B2C141 /* New Message View */,
				6DC38C652514DFBA00B2C141 /* Map View */,
			);
			path = Controllers;
			sourceTree = "<group>";
		};
/* End PBXGroup section */

/* Begin PBXNativeTarget section */
		84B5D8B024C8C0B600C2EA1B /* tellMeMap */ = {
			isa = PBXNativeTarget;
			buildConfigurationList = 84B5D8C824C8C0B700C2EA1B /* Build configuration list for PBXNativeTarget "tellMeMap" */;
			buildPhases = (
				84B5D8AD24C8C0B600C2EA1B /* Sources */,
				84B5D8AE24C8C0B600C2EA1B /* Frameworks */,
				84B5D8AF24C8C0B600C2EA1B /* Resources */,
			);
			buildRules = (
			);
			dependencies = (
			);
			name = tellMeMap;
			productName = tellMeMap;
			productReference = 84B5D8B124C8C0B600C2EA1B /* tellMeMap.app */;
			productType = "com.apple.product-type.application";
		};
/* End PBXNativeTarget section */

/* Begin PBXProject section */
		84B5D8A924C8C0B600C2EA1B /* Project object */ = {
			isa = PBXProject;
			attributes = {
				LastSwiftUpdateCheck = 1160;
				LastUpgradeCheck = 1160;
				ORGANIZATIONNAME = "Julia García Martínez";
				TargetAttributes = {
					84B5D8B024C8C0B600C2EA1B = {
						CreatedOnToolsVersion = 11.6;
					};
				};
			};
			buildConfigurationList = 84B5D8AC24C8C0B600C2EA1B /* Build configuration list for PBXProject "TellMeMap" */;
			compatibilityVersion = "Xcode 9.3";
			developmentRegion = en;
			hasScannedForEncodings = 0;
			knownRegions = (
				en,
				Base,
			);
			mainGroup = 84B5D8A824C8C0B600C2EA1B;
			productRefGroup = 84B5D8B224C8C0B600C2EA1B /* Products */;
			projectDirPath = "";
			projectRoot = "";
			targets = (
				84B5D8B024C8C0B600C2EA1B /* tellMeMap */,
			);
		};
/* End PBXProject section */

/* Begin PBXResourcesBuildPhase section */
		84B5D8AF24C8C0B600C2EA1B /* Resources */ = {
			isa = PBXResourcesBuildPhase;
			buildActionMask = 2147483647;
			files = (
				84B5D8C424C8C0B700C2EA1B /* LaunchScreen.storyboard in Resources */,
				84B5D8C124C8C0B700C2EA1B /* Assets.xcassets in Resources */,
				84B5D8BC24C8C0B600C2EA1B /* Main.storyboard in Resources */,
				6DABA328250F930700B775BC /* SimulatedLocations.gpx in Resources */,
			);
			runOnlyForDeploymentPostprocessing = 0;
		};
/* End PBXResourcesBuildPhase section */

/* Begin PBXSourcesBuildPhase section */
		84B5D8AD24C8C0B600C2EA1B /* Sources */ = {
			isa = PBXSourcesBuildPhase;
			buildActionMask = 2147483647;
			files = (
				6D0143682506B4F5004C6B36 /* FilterViewController.swift in Sources */,
				6DCBFFE924D768EF002B43D7 /* PlaceItem.swift in Sources */,
				84B5D8D124C8C27A00C2EA1B /* ArtworkPin.swift in Sources */,
				6DB5DC0F251389BA00CDBAD1 /* SessionManager.swift in Sources */,
				84B5D8D224C8C27A00C2EA1B /* Category.swift in Sources */,
				6DC38C622514DF7E00B2C141 /* PlaceTableViewController.swift in Sources */,
				8480721224D040E200009E7E /* UserSessionSingleton.swift in Sources */,
				6D10B35024F56EAF00E6FCCA /* StartViewController.swift in Sources */,
				6D889E5924D82B6000EB3616 /* UserItem.swift in Sources */,
				6D6AC57424E9950000A3C37C /* ChooseLocationViewController.swift in Sources */,
				6DC38C612514DF7E00B2C141 /* PlaceTableViewCell.swift in Sources */,
				6D7DF0EB250A8EB100B18838 /* PlaceDetailViewController.swift in Sources */,
				6D83B79F24EACBD900E2F551 /* Colours.swift in Sources */,
				6DE69C8924E19D360090B8F8 /* NewMessageViewController.swift in Sources */,
				6DCBFFE524D72532002B43D7 /* CloudKitManager.swift in Sources */,
				6D7BF6B12508F2EF00CF2FC4 /* UserType.swift in Sources */,
				84B5D8B524C8C0B600C2EA1B /* AppDelegate.swift in Sources */,
				6D93141324DD7B2D00B12575 /* ProfileViewController.swift in Sources */,
				6D7BF6AF2508E8A200CF2FC4 /* SignUpViewController.swift in Sources */,
				84B5D8B724C8C0B600C2EA1B /* SceneDelegate.swift in Sources */,
				6DB5DC1125138EE100CDBAD1 /* CoreDataManager.swift in Sources */,
				6D7DF0E1250A487300B18838 /* CommentItem.swift in Sources */,
				6D7DF0E9250A8E8A00B18838 /* CommentTableViewCell.swift in Sources */,
				6D4A8B1B24EC11F5009361DF /* ThemeElements.swift in Sources */,
				84B5D8BF24C8C0B600C2EA1B /* tellMeMap.xcdatamodeld in Sources */,
				6D93141524DDAEB100B12575 /* MapViewController.swift in Sources */,
			);
			runOnlyForDeploymentPostprocessing = 0;
		};
/* End PBXSourcesBuildPhase section */

/* Begin PBXVariantGroup section */
		84B5D8BA24C8C0B600C2EA1B /* Main.storyboard */ = {
			isa = PBXVariantGroup;
			children = (
				84B5D8BB24C8C0B600C2EA1B /* Base */,
			);
			name = Main.storyboard;
			sourceTree = "<group>";
		};
		84B5D8C224C8C0B700C2EA1B /* LaunchScreen.storyboard */ = {
			isa = PBXVariantGroup;
			children = (
				84B5D8C324C8C0B700C2EA1B /* Base */,
			);
			name = LaunchScreen.storyboard;
			sourceTree = "<group>";
		};
/* End PBXVariantGroup section */

/* Begin XCBuildConfiguration section */
		84B5D8C624C8C0B700C2EA1B /* Debug */ = {
			isa = XCBuildConfiguration;
			buildSettings = {
				ALWAYS_SEARCH_USER_PATHS = NO;
				CLANG_ANALYZER_NONNULL = YES;
				CLANG_ANALYZER_NUMBER_OBJECT_CONVERSION = YES_AGGRESSIVE;
				CLANG_CXX_LANGUAGE_STANDARD = "gnu++14";
				CLANG_CXX_LIBRARY = "libc++";
				CLANG_ENABLE_MODULES = YES;
				CLANG_ENABLE_OBJC_ARC = YES;
				CLANG_ENABLE_OBJC_WEAK = YES;
				CLANG_WARN_BLOCK_CAPTURE_AUTORELEASING = YES;
				CLANG_WARN_BOOL_CONVERSION = YES;
				CLANG_WARN_COMMA = YES;
				CLANG_WARN_CONSTANT_CONVERSION = YES;
				CLANG_WARN_DEPRECATED_OBJC_IMPLEMENTATIONS = YES;
				CLANG_WARN_DIRECT_OBJC_ISA_USAGE = YES_ERROR;
				CLANG_WARN_DOCUMENTATION_COMMENTS = YES;
				CLANG_WARN_EMPTY_BODY = YES;
				CLANG_WARN_ENUM_CONVERSION = YES;
				CLANG_WARN_INFINITE_RECURSION = YES;
				CLANG_WARN_INT_CONVERSION = YES;
				CLANG_WARN_NON_LITERAL_NULL_CONVERSION = YES;
				CLANG_WARN_OBJC_IMPLICIT_RETAIN_SELF = YES;
				CLANG_WARN_OBJC_LITERAL_CONVERSION = YES;
				CLANG_WARN_OBJC_ROOT_CLASS = YES_ERROR;
				CLANG_WARN_RANGE_LOOP_ANALYSIS = YES;
				CLANG_WARN_STRICT_PROTOTYPES = YES;
				CLANG_WARN_SUSPICIOUS_MOVE = YES;
				CLANG_WARN_UNGUARDED_AVAILABILITY = YES_AGGRESSIVE;
				CLANG_WARN_UNREACHABLE_CODE = YES;
				CLANG_WARN__DUPLICATE_METHOD_MATCH = YES;
				COPY_PHASE_STRIP = NO;
				DEBUG_INFORMATION_FORMAT = dwarf;
				ENABLE_STRICT_OBJC_MSGSEND = YES;
				ENABLE_TESTABILITY = YES;
				GCC_C_LANGUAGE_STANDARD = gnu11;
				GCC_DYNAMIC_NO_PIC = NO;
				GCC_NO_COMMON_BLOCKS = YES;
				GCC_OPTIMIZATION_LEVEL = 0;
				GCC_PREPROCESSOR_DEFINITIONS = (
					"DEBUG=1",
					"$(inherited)",
				);
				GCC_WARN_64_TO_32_BIT_CONVERSION = YES;
				GCC_WARN_ABOUT_RETURN_TYPE = YES_ERROR;
				GCC_WARN_UNDECLARED_SELECTOR = YES;
				GCC_WARN_UNINITIALIZED_AUTOS = YES_AGGRESSIVE;
				GCC_WARN_UNUSED_FUNCTION = YES;
				GCC_WARN_UNUSED_VARIABLE = YES;
				IPHONEOS_DEPLOYMENT_TARGET = 13.6;
				MTL_ENABLE_DEBUG_INFO = INCLUDE_SOURCE;
				MTL_FAST_MATH = YES;
				ONLY_ACTIVE_ARCH = YES;
				SDKROOT = iphoneos;
				SWIFT_ACTIVE_COMPILATION_CONDITIONS = DEBUG;
				SWIFT_OPTIMIZATION_LEVEL = "-Onone";
			};
			name = Debug;
		};
		84B5D8C724C8C0B700C2EA1B /* Release */ = {
			isa = XCBuildConfiguration;
			buildSettings = {
				ALWAYS_SEARCH_USER_PATHS = NO;
				CLANG_ANALYZER_NONNULL = YES;
				CLANG_ANALYZER_NUMBER_OBJECT_CONVERSION = YES_AGGRESSIVE;
				CLANG_CXX_LANGUAGE_STANDARD = "gnu++14";
				CLANG_CXX_LIBRARY = "libc++";
				CLANG_ENABLE_MODULES = YES;
				CLANG_ENABLE_OBJC_ARC = YES;
				CLANG_ENABLE_OBJC_WEAK = YES;
				CLANG_WARN_BLOCK_CAPTURE_AUTORELEASING = YES;
				CLANG_WARN_BOOL_CONVERSION = YES;
				CLANG_WARN_COMMA = YES;
				CLANG_WARN_CONSTANT_CONVERSION = YES;
				CLANG_WARN_DEPRECATED_OBJC_IMPLEMENTATIONS = YES;
				CLANG_WARN_DIRECT_OBJC_ISA_USAGE = YES_ERROR;
				CLANG_WARN_DOCUMENTATION_COMMENTS = YES;
				CLANG_WARN_EMPTY_BODY = YES;
				CLANG_WARN_ENUM_CONVERSION = YES;
				CLANG_WARN_INFINITE_RECURSION = YES;
				CLANG_WARN_INT_CONVERSION = YES;
				CLANG_WARN_NON_LITERAL_NULL_CONVERSION = YES;
				CLANG_WARN_OBJC_IMPLICIT_RETAIN_SELF = YES;
				CLANG_WARN_OBJC_LITERAL_CONVERSION = YES;
				CLANG_WARN_OBJC_ROOT_CLASS = YES_ERROR;
				CLANG_WARN_RANGE_LOOP_ANALYSIS = YES;
				CLANG_WARN_STRICT_PROTOTYPES = YES;
				CLANG_WARN_SUSPICIOUS_MOVE = YES;
				CLANG_WARN_UNGUARDED_AVAILABILITY = YES_AGGRESSIVE;
				CLANG_WARN_UNREACHABLE_CODE = YES;
				CLANG_WARN__DUPLICATE_METHOD_MATCH = YES;
				COPY_PHASE_STRIP = NO;
				DEBUG_INFORMATION_FORMAT = "dwarf-with-dsym";
				ENABLE_NS_ASSERTIONS = NO;
				ENABLE_STRICT_OBJC_MSGSEND = YES;
				GCC_C_LANGUAGE_STANDARD = gnu11;
				GCC_NO_COMMON_BLOCKS = YES;
				GCC_WARN_64_TO_32_BIT_CONVERSION = YES;
				GCC_WARN_ABOUT_RETURN_TYPE = YES_ERROR;
				GCC_WARN_UNDECLARED_SELECTOR = YES;
				GCC_WARN_UNINITIALIZED_AUTOS = YES_AGGRESSIVE;
				GCC_WARN_UNUSED_FUNCTION = YES;
				GCC_WARN_UNUSED_VARIABLE = YES;
				IPHONEOS_DEPLOYMENT_TARGET = 13.6;
				MTL_ENABLE_DEBUG_INFO = NO;
				MTL_FAST_MATH = YES;
				SDKROOT = iphoneos;
				SWIFT_COMPILATION_MODE = wholemodule;
				SWIFT_OPTIMIZATION_LEVEL = "-O";
				VALIDATE_PRODUCT = YES;
			};
			name = Release;
		};
		84B5D8C924C8C0B700C2EA1B /* Debug */ = {
			isa = XCBuildConfiguration;
			buildSettings = {
				ASSETCATALOG_COMPILER_APPICON_NAME = AppIcon;
				CODE_SIGN_ENTITLEMENTS = tellMeMap/tellMeMap.entitlements;
				CODE_SIGN_IDENTITY = "iPhone Developer";
				CODE_SIGN_STYLE = Manual;
				DEVELOPMENT_TEAM = 3S952AGH46;
				INFOPLIST_FILE = tellMeMap/Info.plist;
				IPHONEOS_DEPLOYMENT_TARGET = 13.7;
				LD_RUNPATH_SEARCH_PATHS = (
					"$(inherited)",
					"@executable_path/Frameworks",
				);
				PRODUCT_BUNDLE_IDENTIFIER = es.ua.mastermoviles.TellMeMap;
				PRODUCT_NAME = "$(TARGET_NAME)";
				PROVISIONING_PROFILE_SPECIFIER = "Master Moviles TFM Julia Garcia Martinez";
				SWIFT_VERSION = 5.0;
				TARGETED_DEVICE_FAMILY = "1,2";
			};
			name = Debug;
		};
		84B5D8CA24C8C0B700C2EA1B /* Release */ = {
			isa = XCBuildConfiguration;
			buildSettings = {
				ASSETCATALOG_COMPILER_APPICON_NAME = AppIcon;
				CODE_SIGN_ENTITLEMENTS = tellMeMap/tellMeMap.entitlements;
				CODE_SIGN_IDENTITY = "iPhone Developer";
				CODE_SIGN_STYLE = Manual;
				DEVELOPMENT_TEAM = 3S952AGH46;
				INFOPLIST_FILE = tellMeMap/Info.plist;
				IPHONEOS_DEPLOYMENT_TARGET = 13.7;
				LD_RUNPATH_SEARCH_PATHS = (
					"$(inherited)",
					"@executable_path/Frameworks",
				);
				PRODUCT_BUNDLE_IDENTIFIER = es.ua.mastermoviles.TellMeMap;
				PRODUCT_NAME = "$(TARGET_NAME)";
				PROVISIONING_PROFILE_SPECIFIER = "Master Moviles TFM Julia Garcia Martinez";
				SWIFT_VERSION = 5.0;
				TARGETED_DEVICE_FAMILY = "1,2";
			};
			name = Release;
		};
/* End XCBuildConfiguration section */

/* Begin XCConfigurationList section */
		84B5D8AC24C8C0B600C2EA1B /* Build configuration list for PBXProject "TellMeMap" */ = {
			isa = XCConfigurationList;
			buildConfigurations = (
				84B5D8C624C8C0B700C2EA1B /* Debug */,
				84B5D8C724C8C0B700C2EA1B /* Release */,
			);
			defaultConfigurationIsVisible = 0;
			defaultConfigurationName = Release;
		};
		84B5D8C824C8C0B700C2EA1B /* Build configuration list for PBXNativeTarget "tellMeMap" */ = {
			isa = XCConfigurationList;
			buildConfigurations = (
				84B5D8C924C8C0B700C2EA1B /* Debug */,
				84B5D8CA24C8C0B700C2EA1B /* Release */,
			);
			defaultConfigurationIsVisible = 0;
			defaultConfigurationName = Release;
		};
/* End XCConfigurationList section */

/* Begin XCVersionGroup section */
		84B5D8BD24C8C0B600C2EA1B /* tellMeMap.xcdatamodeld */ = {
			isa = XCVersionGroup;
			children = (
				84B5D8BE24C8C0B600C2EA1B /* tellMeMap.xcdatamodel */,
			);
			currentVersion = 84B5D8BE24C8C0B600C2EA1B /* tellMeMap.xcdatamodel */;
			path = tellMeMap.xcdatamodeld;
			sourceTree = "<group>";
			versionGroupType = wrapper.xcdatamodel;
		};
/* End XCVersionGroup section */
	};
	rootObject = 84B5D8A924C8C0B600C2EA1B /* Project object */;
}
